
Microsoft Visual Studio Solution File, Format Version 12.00
# Visual Studio 15
VisualStudioVersion = 15.0.28307.572
MinimumVisualStudioVersion = 10.0.40219.1
Project("{FAE04EC0-301F-11D3-BF4B-00C04F79EFBC}") = "VeterinariaApp", "VeterinariaApp\VeterinariaApp.csproj", "{9EC35300-1B37-40B6-98A0-4E097C6425C1}"
EndProject
Global
	GlobalSection(SolutionConfigurationPlatforms) = preSolution
		Debug|Any CPU = Debug|Any CPU
		Release|Any CPU = Release|Any CPU
	EndGlobalSection
	GlobalSection(ProjectConfigurationPlatforms) = postSolution
		{9EC35300-1B37-40B6-98A0-4E097C6425C1}.Debug|Any CPU.ActiveCfg = Debug|Any CPU
		{9EC35300-1B37-40B6-98A0-4E097C6425C1}.Debug|Any CPU.Build.0 = Debug|Any CPU
		{9EC35300-1B37-40B6-98A0-4E097C6425C1}.Release|Any CPU.ActiveCfg = Release|Any CPU
		{9EC35300-1B37-40B6-98A0-4E097C6425C1}.Release|Any CPU.Build.0 = Release|Any CPU
	EndGlobalSection
	GlobalSection(SolutionProperties) = preSolution
		HideSolutionNode = FALSE
	EndGlobalSection
	GlobalSection(ExtensibilityGlobals) = postSolution
		SolutionGuid = {755A716D-E318-4142-A0D6-9EE59DE7AF6C}
	EndGlobalSection
EndGlobal
